
Microsoft Visual Studio Solution File, Format Version 12.00
# Visual Studio Version 17
VisualStudioVersion = 17.9.34714.143
MinimumVisualStudioVersion = 10.0.40219.1
Project("{2150E333-8FDC-42A3-9474-1A3956D46DE8}") = "Solution Items", "Solution Items", "{6116AE23-F8CE-4FFE-BB8F-8A1269765120}"
	ProjectSection(SolutionItems) = preProject
		..\..\README.md = ..\..\README.md
	EndProjectSection
EndProject
Project("{9A19103F-16F7-4668-BE54-9A1E7A4F7556}") = "Exercicio01", "Exercicio01\Exercicio01.csproj", "{88B2BA2B-B59C-4D5A-B027-6840E052F5BD}"
EndProject
Project("{9A19103F-16F7-4668-BE54-9A1E7A4F7556}") = "Exercicio02", "Exercicio02\Exercicio02.csproj", "{BD90709A-10FB-4F38-A40C-08CAA41E6D6F}"
EndProject
Project("{9A19103F-16F7-4668-BE54-9A1E7A4F7556}") = "Exercicio03", "Exercicio03\Exercicio03.csproj", "{890152D0-8DE6-46B4-8021-2ED1B3E9AF68}"
EndProject
Project("{9A19103F-16F7-4668-BE54-9A1E7A4F7556}") = "Exercicio04", "Exercicio04\Exercicio04.csproj", "{E527FBED-7D9D-43F5-B212-C37D0B952EEF}"
EndProject
Project("{9A19103F-16F7-4668-BE54-9A1E7A4F7556}") = "Exercicio05", "Exercicio05\Exercicio05.csproj", "{7BFC435C-6495-4229-BFE4-0DE6961C206E}"
EndProject
Project("{9A19103F-16F7-4668-BE54-9A1E7A4F7556}") = "Exercicio06", "Exercicio06\Exercicio06.csproj", "{88B4701E-4DD0-4BE5-9906-BBC373753D46}"
EndProject
Global
	GlobalSection(SolutionConfigurationPlatforms) = preSolution
		Debug|Any CPU = Debug|Any CPU
		Release|Any CPU = Release|Any CPU
	EndGlobalSection
	GlobalSection(ProjectConfigurationPlatforms) = postSolution
		{88B2BA2B-B59C-4D5A-B027-6840E052F5BD}.Debug|Any CPU.ActiveCfg = Debug|Any CPU
		{88B2BA2B-B59C-4D5A-B027-6840E052F5BD}.Debug|Any CPU.Build.0 = Debug|Any CPU
		{88B2BA2B-B59C-4D5A-B027-6840E052F5BD}.Release|Any CPU.ActiveCfg = Release|Any CPU
		{88B2BA2B-B59C-4D5A-B027-6840E052F5BD}.Release|Any CPU.Build.0 = Release|Any CPU
		{BD90709A-10FB-4F38-A40C-08CAA41E6D6F}.Debug|Any CPU.ActiveCfg = Debug|Any CPU
		{BD90709A-10FB-4F38-A40C-08CAA41E6D6F}.Debug|Any CPU.Build.0 = Debug|Any CPU
		{BD90709A-10FB-4F38-A40C-08CAA41E6D6F}.Release|Any CPU.ActiveCfg = Release|Any CPU
		{BD90709A-10FB-4F38-A40C-08CAA41E6D6F}.Release|Any CPU.Build.0 = Release|Any CPU
		{890152D0-8DE6-46B4-8021-2ED1B3E9AF68}.Debug|Any CPU.ActiveCfg = Debug|Any CPU
		{890152D0-8DE6-46B4-8021-2ED1B3E9AF68}.Debug|Any CPU.Build.0 = Debug|Any CPU
		{890152D0-8DE6-46B4-8021-2ED1B3E9AF68}.Release|Any CPU.ActiveCfg = Release|Any CPU
		{890152D0-8DE6-46B4-8021-2ED1B3E9AF68}.Release|Any CPU.Build.0 = Release|Any CPU
		{E527FBED-7D9D-43F5-B212-C37D0B952EEF}.Debug|Any CPU.ActiveCfg = Debug|Any CPU
		{E527FBED-7D9D-43F5-B212-C37D0B952EEF}.Debug|Any CPU.Build.0 = Debug|Any CPU
		{E527FBED-7D9D-43F5-B212-C37D0B952EEF}.Release|Any CPU.ActiveCfg = Release|Any CPU
		{E527FBED-7D9D-43F5-B212-C37D0B952EEF}.Release|Any CPU.Build.0 = Release|Any CPU
		{7BFC435C-6495-4229-BFE4-0DE6961C206E}.Debug|Any CPU.ActiveCfg = Debug|Any CPU
		{7BFC435C-6495-4229-BFE4-0DE6961C206E}.Debug|Any CPU.Build.0 = Debug|Any CPU
		{7BFC435C-6495-4229-BFE4-0DE6961C206E}.Release|Any CPU.ActiveCfg = Release|Any CPU
		{7BFC435C-6495-4229-BFE4-0DE6961C206E}.Release|Any CPU.Build.0 = Release|Any CPU
		{88B4701E-4DD0-4BE5-9906-BBC373753D46}.Debug|Any CPU.ActiveCfg = Debug|Any CPU
		{88B4701E-4DD0-4BE5-9906-BBC373753D46}.Debug|Any CPU.Build.0 = Debug|Any CPU
		{88B4701E-4DD0-4BE5-9906-BBC373753D46}.Release|Any CPU.ActiveCfg = Release|Any CPU
		{88B4701E-4DD0-4BE5-9906-BBC373753D46}.Release|Any CPU.Build.0 = Release|Any CPU
	EndGlobalSection
	GlobalSection(SolutionProperties) = preSolution
		HideSolutionNode = FALSE
	EndGlobalSection
	GlobalSection(NestedProjects) = preSolution
		{890152D0-8DE6-46B4-8021-2ED1B3E9AF68} = {6116AE23-F8CE-4FFE-BB8F-8A1269765120}
		{E527FBED-7D9D-43F5-B212-C37D0B952EEF} = {6116AE23-F8CE-4FFE-BB8F-8A1269765120}
		{7BFC435C-6495-4229-BFE4-0DE6961C206E} = {6116AE23-F8CE-4FFE-BB8F-8A1269765120}
		{88B4701E-4DD0-4BE5-9906-BBC373753D46} = {6116AE23-F8CE-4FFE-BB8F-8A1269765120}
	EndGlobalSection
	GlobalSection(ExtensibilityGlobals) = postSolution
		SolutionGuid = {065D60E2-E288-49C6-9F6D-A845D255A6EA}
	EndGlobalSection
EndGlobal
